
Microsoft Visual Studio Solution File, Format Version 12.00
# Visual Studio Version 17
VisualStudioVersion = 17.7.34031.279
MinimumVisualStudioVersion = 10.0.40219.1
Project("{FAE04EC0-301F-11D3-BF4B-00C04F79EFBC}") = "Visual Studio Code Snippets", "Visual Studio Code Snippets\Visual Studio Code Snippets.csproj", "{3C668076-34F6-4C04-A489-2E936F24FF0A}"
EndProject
Global
	GlobalSection(SolutionConfigurationPlatforms) = preSolution
		Debug|Any CPU = Debug|Any CPU
		Release|Any CPU = Release|Any CPU
	EndGlobalSection
	GlobalSection(ProjectConfigurationPlatforms) = postSolution
		{3C668076-34F6-4C04-A489-2E936F24FF0A}.Debug|Any CPU.ActiveCfg = Debug|Any CPU
		{3C668076-34F6-4C04-A489-2E936F24FF0A}.Debug|Any CPU.Build.0 = Debug|Any CPU
		{3C668076-34F6-4C04-A489-2E936F24FF0A}.Release|Any CPU.ActiveCfg = Release|Any CPU
		{3C668076-34F6-4C04-A489-2E936F24FF0A}.Release|Any CPU.Build.0 = Release|Any CPU
	EndGlobalSection
	GlobalSection(SolutionProperties) = preSolution
		HideSolutionNode = FALSE
	EndGlobalSection
	GlobalSection(ExtensibilityGlobals) = postSolution
		SolutionGuid = {F3F55309-5C14-45AC-8218-EF7C44612B80}
	EndGlobalSection
EndGlobal
